<?xml version="1.0" encoding="utf-8"?>
<Project ToolsVersion="4.0" xmlns="http://schemas.microsoft.com/developer/msbuild/2003">
  <ItemGroup>
    <Filter Include="소스 파일">
      <UniqueIdentifier>{4FC737F1-C7A5-4376-A066-2A32D752A2FF}</UniqueIdentifier>
      <Extensions>cpp;c;cc;cxx;c++;cppm;ixx;def;odl;idl;hpj;bat;asm;asmx</Extensions>
    </Filter>
    <Filter Include="헤더 파일">
      <UniqueIdentifier>{93995380-89BD-4b04-88EB-625FBE52EBFB}</UniqueIdentifier>
      <Extensions>h;hh;hpp;hxx;h++;hm;inl;inc;ipp;xsd</Extensions>
    </Filter>
    <Filter Include="리소스 파일">
      <UniqueIdentifier>{67DA6AB6-F800-4c08-8B7A-83BB121AAD01}</UniqueIdentifier>
      <Extensions>rc;ico;cur;bmp;dlg;rc2;rct;bin;rgs;gif;jpg;jpeg;jpe;resx;tiff;tif;png;wav;mfcribbon-ms</Extensions>
    </Filter>
  </ItemGroup>
  <ItemGroup>
    <ClCompile Include="main.cpp">
      <Filter>소스 파일</Filter>
    </ClCompile>
    <ClCompile Include="Utility.cpp">
      <Filter>소스 파일</Filter>
    </ClCompile>
    <ClCompile Include="Timer.cpp">
      <Filter>소스 파일</Filter>
    </ClCompile>
    <ClCompile Include="BaseApp.cpp">
      <Filter>소스 파일</Filter>
    </ClCompile>
    <ClCompile Include="SimpleApp.cpp">
      <Filter>소스 파일</Filter>
    </ClCompile>
    <ClCompile Include="GraphicsCommon.cpp">
      <Filter>소스 파일</Filter>
    </ClCompile>
    <ClCompile Include="RootSignature.cpp">
      <Filter>소스 파일</Filter>
    </ClCompile>
    <ClCompile Include="Renderer.cpp">
      <Filter>소스 파일</Filter>
    </ClCompile>
    <ClCompile Include="PipelineState.cpp">
      <Filter>소스 파일</Filter>
    </ClCompile>
    <ClCompile Include="StaticMesh.cpp">
      <Filter>소스 파일</Filter>
    </ClCompile>
    <ClCompile Include="VideoApp.cpp">
      <Filter>소스 파일</Filter>
    </ClCompile>
    <ClCompile Include="GeometryGenerator.cpp">
      <Filter>소스 파일</Filter>
    </ClCompile>
    <ClCompile Include="InputHelper.cpp">
      <Filter>소스 파일</Filter>
    </ClCompile>
    <ClCompile Include="Camera.cpp">
      <Filter>소스 파일</Filter>
    </ClCompile>
    <ClCompile Include="Actor.cpp">
      <Filter>소스 파일</Filter>
    </ClCompile>
    <ClCompile Include="Light.cpp">
      <Filter>소스 파일</Filter>
    </ClCompile>
    <ClCompile Include="TextureLoader.cpp">
      <Filter>소스 파일</Filter>
    </ClCompile>
    <ClCompile Include="ActorComponent.cpp">
      <Filter>소스 파일</Filter>
    </ClCompile>
    <ClCompile Include="SceneComponent.cpp">
      <Filter>소스 파일</Filter>
    </ClCompile>
    <ClCompile Include="StaticMeshComponent.cpp">
      <Filter>소스 파일</Filter>
    </ClCompile>
    <ClCompile Include="MultiThreadApp.cpp">
      <Filter>소스 파일</Filter>
    </ClCompile>
    <ClCompile Include="FrameResource.cpp">
      <Filter>소스 파일</Filter>
    </ClCompile>
    <ClCompile Include="PrimitiveComponent.cpp">
      <Filter>소스 파일</Filter>
    </ClCompile>
    <ClCompile Include="PhysXEngine.cpp">
      <Filter>소스 파일</Filter>
    </ClCompile>
    <ClCompile Include="World.cpp">
      <Filter>소스 파일</Filter>
    </ClCompile>
    <ClCompile Include="RenderEngine.cpp">
      <Filter>소스 파일</Filter>
    </ClCompile>
    <ClCompile Include="ATriggerBox.cpp">
      <Filter>소스 파일</Filter>
    </ClCompile>
    <ClCompile Include="AMovingPlatform.cpp">
      <Filter>소스 파일</Filter>
    </ClCompile>
    <ClCompile Include="ModelLoader.cpp">
      <Filter>소스 파일</Filter>
    </ClCompile>
    <ClCompile Include="PointCloudComponent.cpp">
      <Filter>소스 파일</Filter>
    </ClCompile>
    <ClCompile Include="DotComponent.cpp">
      <Filter>소스 파일</Filter>
    </ClCompile>
    <ClCompile Include="MouseInputState.cpp">
      <Filter>소스 파일</Filter>
    </ClCompile>
    <ClCompile Include="BoundedQueue.cpp">
      <Filter>소스 파일</Filter>
    </ClCompile>
    <ClCompile Include="pch.cpp">
      <Filter>소스 파일</Filter>
    </ClCompile>
    <ClCompile Include="DLModel.cpp">
      <Filter>소스 파일</Filter>
    </ClCompile>
    <ClCompile Include="CubeMapComponent.cpp">
      <Filter>소스 파일</Filter>
    </ClCompile>
    <ClCompile Include="Scene.cpp">
      <Filter>소스 파일</Filter>
    </ClCompile>
    <ClCompile Include="GameCommand.cpp">
      <Filter>소스 파일</Filter>
    </ClCompile>
    <ClCompile Include="APointCloud.cpp">
      <Filter>소스 파일</Filter>
    </ClCompile>
    <ClCompile Include="ACubeMap.cpp">
      <Filter>소스 파일</Filter>
    </ClCompile>
    <ClCompile Include="ADot.cpp">
      <Filter>소스 파일</Filter>
    </ClCompile>
    <ClCompile Include="LightComponent.cpp">
      <Filter>소스 파일</Filter>
    </ClCompile>
    <ClCompile Include="ALight.cpp">
      <Filter>소스 파일</Filter>
    </ClCompile>
    <ClCompile Include="ADoor.cpp">
      <Filter>소스 파일</Filter>
    </ClCompile>
    <ClCompile Include="ASkinnedMesh.cpp">
      <Filter>소스 파일</Filter>
    </ClCompile>
    <ClCompile Include="SkinnedMeshComponent.cpp">
      <Filter>소스 파일</Filter>
    </ClCompile>
    <ClCompile Include="CameraComponent.cpp">
      <Filter>소스 파일</Filter>
    </ClCompile>
  </ItemGroup>
  <ItemGroup>
    <ClInclude Include="BaseApp.h">
      <Filter>헤더 파일</Filter>
    </ClInclude>
    <ClInclude Include="Utility.h">
      <Filter>헤더 파일</Filter>
    </ClInclude>
    <ClInclude Include="d3dx12.h">
      <Filter>헤더 파일</Filter>
    </ClInclude>
    <ClInclude Include="Timer.h">
      <Filter>헤더 파일</Filter>
    </ClInclude>
    <ClInclude Include="SimpleApp.h">
      <Filter>헤더 파일</Filter>
    </ClInclude>
    <ClInclude Include="PipelineState.h">
      <Filter>헤더 파일</Filter>
    </ClInclude>
    <ClInclude Include="RootSignature.h">
      <Filter>헤더 파일</Filter>
    </ClInclude>
    <ClInclude Include="Renderer.h">
      <Filter>헤더 파일</Filter>
    </ClInclude>
    <ClInclude Include="GraphicsCommon.h">
      <Filter>헤더 파일</Filter>
    </ClInclude>
    <ClInclude Include="Vertex.h">
      <Filter>헤더 파일</Filter>
    </ClInclude>
    <ClInclude Include="StaticMesh.h">
      <Filter>헤더 파일</Filter>
    </ClInclude>
    <ClInclude Include="GpuResource.h">
      <Filter>헤더 파일</Filter>
    </ClInclude>
    <ClInclude Include="dds.h">
      <Filter>헤더 파일</Filter>
    </ClInclude>
    <ClInclude Include="VideoApp.h">
      <Filter>헤더 파일</Filter>
    </ClInclude>
    <ClInclude Include="Mesh.h">
      <Filter>헤더 파일</Filter>
    </ClInclude>
    <ClInclude Include="GeometryGenerator.h">
      <Filter>헤더 파일</Filter>
    </ClInclude>
    <ClInclude Include="InputHelper.h">
      <Filter>헤더 파일</Filter>
    </ClInclude>
    <ClInclude Include="Actor.h">
      <Filter>헤더 파일</Filter>
    </ClInclude>
    <ClInclude Include="Camera.h">
      <Filter>헤더 파일</Filter>
    </ClInclude>
    <ClInclude Include="Light.h">
      <Filter>헤더 파일</Filter>
    </ClInclude>
    <ClInclude Include="TextureGPUResource.h">
      <Filter>헤더 파일</Filter>
    </ClInclude>
    <ClInclude Include="TextureLoader.h">
      <Filter>헤더 파일</Filter>
    </ClInclude>
    <ClInclude Include="ActorComponent.h">
      <Filter>헤더 파일</Filter>
    </ClInclude>
    <ClInclude Include="SceneComponent.h">
      <Filter>헤더 파일</Filter>
    </ClInclude>
    <ClInclude Include="PrimitiveComponent.h">
      <Filter>헤더 파일</Filter>
    </ClInclude>
    <ClInclude Include="StaticMeshComponent.h">
      <Filter>헤더 파일</Filter>
    </ClInclude>
    <ClInclude Include="FrameResource.h">
      <Filter>헤더 파일</Filter>
    </ClInclude>
    <ClInclude Include="MultiThreadApp.h">
      <Filter>헤더 파일</Filter>
    </ClInclude>
    <ClInclude Include="Proxy.h">
      <Filter>헤더 파일</Filter>
    </ClInclude>
    <ClInclude Include="ImageInfo.h">
      <Filter>헤더 파일</Filter>
    </ClInclude>
    <ClInclude Include="Delegate.h">
      <Filter>헤더 파일</Filter>
    </ClInclude>
    <ClInclude Include="ShapeComponent.h">
      <Filter>헤더 파일</Filter>
    </ClInclude>
    <ClInclude Include="SphereComponent.h">
      <Filter>헤더 파일</Filter>
    </ClInclude>
    <ClInclude Include="PhysXEngine.h">
      <Filter>헤더 파일</Filter>
    </ClInclude>
    <ClInclude Include="RenderEngine.h">
      <Filter>헤더 파일</Filter>
    </ClInclude>
    <ClInclude Include="World.h">
      <Filter>헤더 파일</Filter>
    </ClInclude>
    <ClInclude Include="ViewProjInfo.h">
      <Filter>헤더 파일</Filter>
    </ClInclude>
    <ClInclude Include="PhysXProxy.h">
      <Filter>헤더 파일</Filter>
    </ClInclude>
    <ClInclude Include="Transform.h">
      <Filter>헤더 파일</Filter>
    </ClInclude>
    <ClInclude Include="PhysXMode.h">
      <Filter>헤더 파일</Filter>
    </ClInclude>
    <ClInclude Include="ATriggerBox.h">
      <Filter>헤더 파일</Filter>
    </ClInclude>
    <ClInclude Include="PhysXEvent.h">
      <Filter>헤더 파일</Filter>
    </ClInclude>
    <ClInclude Include="AMovingPlatform.h">
      <Filter>헤더 파일</Filter>
    </ClInclude>
    <ClInclude Include="ModelLoader.h">
      <Filter>헤더 파일</Filter>
    </ClInclude>
    <ClInclude Include="Asset.h">
      <Filter>헤더 파일</Filter>
    </ClInclude>
    <ClInclude Include="HLSLCompat.h">
      <Filter>헤더 파일</Filter>
    </ClInclude>
    <ClInclude Include="PointCloudComponent.h">
      <Filter>헤더 파일</Filter>
    </ClInclude>
    <ClInclude Include="DotComponent.h">
      <Filter>헤더 파일</Filter>
    </ClInclude>
    <ClInclude Include="PaintBoardHLSLCompat.h">
      <Filter>헤더 파일</Filter>
    </ClInclude>
    <ClInclude Include="MouseInputState.h">
      <Filter>헤더 파일</Filter>
    </ClInclude>
    <ClInclude Include="BoundedQueue.h">
      <Filter>헤더 파일</Filter>
    </ClInclude>
    <ClInclude Include="FramePacket.h">
      <Filter>헤더 파일</Filter>
    </ClInclude>
    <ClInclude Include="pch.h">
      <Filter>헤더 파일</Filter>
    </ClInclude>
    <ClInclude Include="DLModel.h">
      <Filter>헤더 파일</Filter>
    </ClInclude>
    <ClInclude Include="CubeMapComponent.h">
      <Filter>헤더 파일</Filter>
    </ClInclude>
    <ClInclude Include="RenderCommand.h">
      <Filter>헤더 파일</Filter>
    </ClInclude>
    <ClInclude Include="Scene.h">
      <Filter>헤더 파일</Filter>
    </ClInclude>
    <ClInclude Include="GameCommand.h">
      <Filter>헤더 파일</Filter>
    </ClInclude>
    <ClInclude Include="ActorData.h">
      <Filter>헤더 파일</Filter>
    </ClInclude>
    <ClInclude Include="JsonHelper.h">
      <Filter>헤더 파일</Filter>
    </ClInclude>
    <ClInclude Include="PBRHLSLCompat.h">
      <Filter>헤더 파일</Filter>
    </ClInclude>
    <ClInclude Include="APointCloud.h">
      <Filter>헤더 파일</Filter>
    </ClInclude>
    <ClInclude Include="ACubeMap.h">
      <Filter>헤더 파일</Filter>
    </ClInclude>
    <ClInclude Include="ADot.h">
      <Filter>헤더 파일</Filter>
    </ClInclude>
    <ClInclude Include="LightComponent.h">
      <Filter>헤더 파일</Filter>
    </ClInclude>
    <ClInclude Include="ALight.h">
      <Filter>헤더 파일</Filter>
    </ClInclude>
    <ClInclude Include="ADoor.h">
      <Filter>헤더 파일</Filter>
    </ClInclude>
    <ClInclude Include="ASkinnedMesh.h">
      <Filter>헤더 파일</Filter>
    </ClInclude>
    <ClInclude Include="SkinnedMeshComponent.h">
      <Filter>헤더 파일</Filter>
    </ClInclude>
    <ClInclude Include="CameraComponent.h">
      <Filter>헤더 파일</Filter>
    </ClInclude>
  </ItemGroup>
  <ItemGroup>
    <FxCompile Include="DefaultVS.hlsl" />
    <FxCompile Include="DefaultPS.hlsl" />
    <FxCompile Include="VideoPS.hlsl" />
    <FxCompile Include="PhongVS.hlsl" />
    <FxCompile Include="PhongPS.hlsl" />
    <FxCompile Include="TextVS.hlsl" />
    <FxCompile Include="TextPS.hlsl" />
    <FxCompile Include="PaintBoardCS.hlsl" />
    <FxCompile Include="PointCloudVS.hlsl" />
    <FxCompile Include="PointCloudPS.hlsl" />
    <FxCompile Include="PointCloudGS.hlsl" />
    <FxCompile Include="RenderTextureVS.hlsl" />
    <FxCompile Include="RenderTextureGS.hlsl" />
    <FxCompile Include="RenderTexturePS.hlsl" />
    <FxCompile Include="TestCS.hlsl" />
    <FxCompile Include="CubeMapVS.hlsl" />
    <FxCompile Include="CubeMapPS.hlsl" />
    <FxCompile Include="BoxCubeMapVS.hlsl" />
    <FxCompile Include="BoxCubeMapPS.hlsl" />
    <FxCompile Include="PBRVS.hlsl" />
    <FxCompile Include="PBRPS.hlsl" />
    <FxCompile Include="PBRBoxCubeMapPS.hlsl" />
    <FxCompile Include="PBRBoxCubeMapVS.hlsl" />
    <FxCompile Include="DepthOnlyVS.hlsl" />
    <FxCompile Include="DepthOnlyPS.hlsl" />
    <FxCompile Include="SkinnedMeshVS.hlsl" />
    <FxCompile Include="SkinnedMeshDepthOnlyVS.hlsl" />
  </ItemGroup>
  <ItemGroup>
    <None Include="PhongCommon.hlsli" />
    <None Include="packages.config" />
    <None Include="Utility.inl">
      <Filter>헤더 파일</Filter>
    </None>
    <None Include="TextCommon.hlsli" />
    <None Include="Delegate.inl">
      <Filter>헤더 파일</Filter>
    </None>
    <None Include="StaticMesh.inl">
      <Filter>헤더 파일</Filter>
    </None>
    <None Include="PointCloud.hlsli" />
    <None Include="RT.hlsli" />
    <None Include="CubeCommon.hlsli" />
    <None Include="Levels\simpleLevel.json">
      <Filter>리소스 파일</Filter>
    </None>
    <None Include="Levels\mainLevel.json">
      <Filter>리소스 파일</Filter>
    </None>
    <None Include="PBRCommon.hlsli" />
    <None Include="BoxCubeMap.hlsli" />
    <None Include="PBRBoxCubeMap.hlsli" />
    <None Include="Levels\testLevel.json">
      <Filter>리소스 파일</Filter>
    </None>
    <None Include="DepthOnlyCommon.hlsli" />
    <None Include="Asset.inl">
      <Filter>헤더 파일</Filter>
    </None>
  </ItemGroup>
  <ItemGroup>
    <Image Include="Textures\earth_Albedo.dds">
      <Filter>리소스 파일</Filter>
    </Image>
    <Image Include="Textures\bricks_Albedo.dds">
      <Filter>리소스 파일</Filter>
    </Image>
  </ItemGroup>
</Project>